
Microsoft Visual Studio Solution File, Format Version 12.00
# Visual Studio 14
VisualStudioVersion = 14.0.25123.0
MinimumVisualStudioVersion = 10.0.40219.1
Project("{FAE04EC0-301F-11D3-BF4B-00C04F79EFBC}") = "AVDump3CL", "AVDump3CL\AVDump3CL.csproj", "{FD6199F4-EFEE-4337-AD6A-F42E43C5CEF6}"
EndProject
Project("{FAE04EC0-301F-11D3-BF4B-00C04F79EFBC}") = "AVDump3Lib", "AVDump3Lib\AVDump3Lib.csproj", "{5C1326C8-42CB-4F18-8886-F7CDEF2D4A9D}"
EndProject
Project("{2150E333-8FDC-42A3-9474-1A3956D46DE8}") = "Solution Items", "Solution Items", "{483DCE18-955E-4905-B2B1-303EBDCB3E88}"
	ProjectSection(SolutionItems) = preProject
		Performance1.psess = Performance1.psess
		Performance2.psess = Performance2.psess
	EndProjectSection
EndProject
Project("{2150E333-8FDC-42A3-9474-1A3956D46DE8}") = "Extensions", "Extensions", "{4F27C407-364D-4365-9C70-8B85D96C5C67}"
EndProject
Project("{FAE04EC0-301F-11D3-BF4B-00C04F79EFBC}") = "AVD3AniDBLib", "AVD3AniDBLib\AVD3AniDBLib.csproj", "{CF44A271-5D43-4E4C-B733-412B705E1557}"
EndProject
Global
	GlobalSection(SolutionConfigurationPlatforms) = preSolution
		Debug|Any CPU = Debug|Any CPU
		Release|Any CPU = Release|Any CPU
	EndGlobalSection
	GlobalSection(ProjectConfigurationPlatforms) = postSolution
		{FD6199F4-EFEE-4337-AD6A-F42E43C5CEF6}.Debug|Any CPU.ActiveCfg = Debug|Any CPU
		{FD6199F4-EFEE-4337-AD6A-F42E43C5CEF6}.Debug|Any CPU.Build.0 = Debug|Any CPU
		{FD6199F4-EFEE-4337-AD6A-F42E43C5CEF6}.Release|Any CPU.ActiveCfg = Release|Any CPU
		{FD6199F4-EFEE-4337-AD6A-F42E43C5CEF6}.Release|Any CPU.Build.0 = Release|Any CPU
		{5C1326C8-42CB-4F18-8886-F7CDEF2D4A9D}.Debug|Any CPU.ActiveCfg = Debug|Any CPU
		{5C1326C8-42CB-4F18-8886-F7CDEF2D4A9D}.Debug|Any CPU.Build.0 = Debug|Any CPU
		{5C1326C8-42CB-4F18-8886-F7CDEF2D4A9D}.Release|Any CPU.ActiveCfg = Release|Any CPU
		{5C1326C8-42CB-4F18-8886-F7CDEF2D4A9D}.Release|Any CPU.Build.0 = Release|Any CPU
		{CF44A271-5D43-4E4C-B733-412B705E1557}.Debug|Any CPU.ActiveCfg = Debug|Any CPU
		{CF44A271-5D43-4E4C-B733-412B705E1557}.Debug|Any CPU.Build.0 = Debug|Any CPU
		{CF44A271-5D43-4E4C-B733-412B705E1557}.Release|Any CPU.ActiveCfg = Release|Any CPU
		{CF44A271-5D43-4E4C-B733-412B705E1557}.Release|Any CPU.Build.0 = Release|Any CPU
	EndGlobalSection
	GlobalSection(SolutionProperties) = preSolution
		HideSolutionNode = FALSE
	EndGlobalSection
	GlobalSection(NestedProjects) = preSolution
		{CF44A271-5D43-4E4C-B733-412B705E1557} = {4F27C407-364D-4365-9C70-8B85D96C5C67}
	EndGlobalSection
EndGlobal
