
Microsoft Visual Studio Solution File, Format Version 12.00
# Visual Studio Version 17
VisualStudioVersion = 17.0.31825.309
MinimumVisualStudioVersion = 10.0.40219.1
Project("{9A19103F-16F7-4668-BE54-9A1E7A4F7556}") = "AVDump3CL", "AVDump3CL\AVDump3CL.csproj", "{23FC087F-F2DA-42CE-AF47-85AE441EAD87}"
EndProject
Project("{9A19103F-16F7-4668-BE54-9A1E7A4F7556}") = "AVDump3Lib", "AVDump3Lib\AVDump3Lib.csproj", "{427F1262-4A9A-4CBC-84EE-0B659BEAA9D8}"
	ProjectSection(ProjectDependencies) = postProject
		{7F854E9E-7824-47A3-B560-3901B8F59DCA} = {7F854E9E-7824-47A3-B560-3901B8F59DCA}
	EndProjectSection
EndProject
Project("{8BC9CEB8-8B4A-11D0-8D11-00A0C91BC942}") = "AVDump3NativeLib", "AVDump3NativeLib\AVDump3NativeLib.vcxproj", "{7F854E9E-7824-47A3-B560-3901B8F59DCA}"
EndProject
Project("{2150E333-8FDC-42A3-9474-1A3956D46DE8}") = "Solution Items", "Solution Items", "{DDD07C97-5979-4921-851C-949B081CFAFB}"
	ProjectSection(SolutionItems) = preProject
		.editorconfig = .editorconfig
	EndProjectSection
EndProject
Project("{9A19103F-16F7-4668-BE54-9A1E7A4F7556}") = "AVDump3Gui", "AVDump3Gui\AVDump3Gui.csproj", "{E5D6DE42-A4F6-4059-BFC7-5C020E97D74E}"
EndProject
Project("{9A19103F-16F7-4668-BE54-9A1E7A4F7556}") = "AVDump3UI", "AVDump3UI\AVDump3UI.csproj", "{800FA21D-E9B5-46B5-A3D2-D1F384EA5554}"
EndProject
Project("{9A19103F-16F7-4668-BE54-9A1E7A4F7556}") = "AVDump3Tests", "AVDump3Tests\AVDump3Tests.csproj", "{7F7274A1-D5A4-4A7F-AAD3-E5FA8E3ABA00}"
EndProject
Global
	GlobalSection(SolutionConfigurationPlatforms) = preSolution
		Debug|Any CPU = Debug|Any CPU
		GithubWorkflow|Any CPU = GithubWorkflow|Any CPU
		Release|Any CPU = Release|Any CPU
	EndGlobalSection
	GlobalSection(ProjectConfigurationPlatforms) = postSolution
		{23FC087F-F2DA-42CE-AF47-85AE441EAD87}.Debug|Any CPU.ActiveCfg = Debug|Any CPU
		{23FC087F-F2DA-42CE-AF47-85AE441EAD87}.Debug|Any CPU.Build.0 = Debug|Any CPU
		{23FC087F-F2DA-42CE-AF47-85AE441EAD87}.GithubWorkflow|Any CPU.ActiveCfg = Release|Any CPU
		{23FC087F-F2DA-42CE-AF47-85AE441EAD87}.GithubWorkflow|Any CPU.Build.0 = Release|Any CPU
		{23FC087F-F2DA-42CE-AF47-85AE441EAD87}.Release|Any CPU.ActiveCfg = Release|Any CPU
		{23FC087F-F2DA-42CE-AF47-85AE441EAD87}.Release|Any CPU.Build.0 = Release|Any CPU
		{427F1262-4A9A-4CBC-84EE-0B659BEAA9D8}.Debug|Any CPU.ActiveCfg = Debug|Any CPU
		{427F1262-4A9A-4CBC-84EE-0B659BEAA9D8}.Debug|Any CPU.Build.0 = Debug|Any CPU
		{427F1262-4A9A-4CBC-84EE-0B659BEAA9D8}.GithubWorkflow|Any CPU.ActiveCfg = Release|Any CPU
		{427F1262-4A9A-4CBC-84EE-0B659BEAA9D8}.GithubWorkflow|Any CPU.Build.0 = Release|Any CPU
		{427F1262-4A9A-4CBC-84EE-0B659BEAA9D8}.Release|Any CPU.ActiveCfg = Release|Any CPU
		{427F1262-4A9A-4CBC-84EE-0B659BEAA9D8}.Release|Any CPU.Build.0 = Release|Any CPU
		{7F854E9E-7824-47A3-B560-3901B8F59DCA}.Debug|Any CPU.ActiveCfg = Debug|x64
		{7F854E9E-7824-47A3-B560-3901B8F59DCA}.GithubWorkflow|Any CPU.ActiveCfg = GithubWorkflow|x64
		{7F854E9E-7824-47A3-B560-3901B8F59DCA}.Release|Any CPU.ActiveCfg = Release|x64
		{E5D6DE42-A4F6-4059-BFC7-5C020E97D74E}.Debug|Any CPU.ActiveCfg = Debug|Any CPU
		{E5D6DE42-A4F6-4059-BFC7-5C020E97D74E}.Debug|Any CPU.Build.0 = Debug|Any CPU
		{E5D6DE42-A4F6-4059-BFC7-5C020E97D74E}.GithubWorkflow|Any CPU.ActiveCfg = Release|Any CPU
		{E5D6DE42-A4F6-4059-BFC7-5C020E97D74E}.GithubWorkflow|Any CPU.Build.0 = Release|Any CPU
		{E5D6DE42-A4F6-4059-BFC7-5C020E97D74E}.Release|Any CPU.ActiveCfg = Release|Any CPU
		{E5D6DE42-A4F6-4059-BFC7-5C020E97D74E}.Release|Any CPU.Build.0 = Release|Any CPU
		{800FA21D-E9B5-46B5-A3D2-D1F384EA5554}.Debug|Any CPU.ActiveCfg = Debug|Any CPU
		{800FA21D-E9B5-46B5-A3D2-D1F384EA5554}.Debug|Any CPU.Build.0 = Debug|Any CPU
		{800FA21D-E9B5-46B5-A3D2-D1F384EA5554}.GithubWorkflow|Any CPU.ActiveCfg = Release|Any CPU
		{800FA21D-E9B5-46B5-A3D2-D1F384EA5554}.GithubWorkflow|Any CPU.Build.0 = Release|Any CPU
		{800FA21D-E9B5-46B5-A3D2-D1F384EA5554}.Release|Any CPU.ActiveCfg = Release|Any CPU
		{800FA21D-E9B5-46B5-A3D2-D1F384EA5554}.Release|Any CPU.Build.0 = Release|Any CPU
		{7F7274A1-D5A4-4A7F-AAD3-E5FA8E3ABA00}.Debug|Any CPU.ActiveCfg = Debug|Any CPU
		{7F7274A1-D5A4-4A7F-AAD3-E5FA8E3ABA00}.Debug|Any CPU.Build.0 = Debug|Any CPU
		{7F7274A1-D5A4-4A7F-AAD3-E5FA8E3ABA00}.GithubWorkflow|Any CPU.ActiveCfg = Release|Any CPU
		{7F7274A1-D5A4-4A7F-AAD3-E5FA8E3ABA00}.GithubWorkflow|Any CPU.Build.0 = Release|Any CPU
		{7F7274A1-D5A4-4A7F-AAD3-E5FA8E3ABA00}.Release|Any CPU.ActiveCfg = Release|Any CPU
		{7F7274A1-D5A4-4A7F-AAD3-E5FA8E3ABA00}.Release|Any CPU.Build.0 = Release|Any CPU
	EndGlobalSection
	GlobalSection(SolutionProperties) = preSolution
		HideSolutionNode = FALSE
	EndGlobalSection
	GlobalSection(ExtensibilityGlobals) = postSolution
		SolutionGuid = {A844FF7A-7733-4782-AFF5-9C19EBAE492A}
	EndGlobalSection
EndGlobal
